
Microsoft Visual Studio Solution File, Format Version 12.00
# Visual Studio Version 17
VisualStudioVersion = 17.13.35931.197 d17.13
MinimumVisualStudioVersion = 10.0.40219.1
Project("{FAE04EC0-301F-11D3-BF4B-00C04F79EFBC}") = "MvcMovie", "MvcMovie\MvcMovie.csproj", "{EEECC037-31C5-42AB-B259-E8F24B571E1C}"
EndProject
Global
	GlobalSection(SolutionConfigurationPlatforms) = preSolution
		Debug|Any CPU = Debug|Any CPU
		Release|Any CPU = Release|Any CPU
	EndGlobalSection
	GlobalSection(ProjectConfigurationPlatforms) = postSolution
		{EEECC037-31C5-42AB-B259-E8F24B571E1C}.Debug|Any CPU.ActiveCfg = Debug|Any CPU
		{EEECC037-31C5-42AB-B259-E8F24B571E1C}.Debug|Any CPU.Build.0 = Debug|Any CPU
		{EEECC037-31C5-42AB-B259-E8F24B571E1C}.Release|Any CPU.ActiveCfg = Release|Any CPU
		{EEECC037-31C5-42AB-B259-E8F24B571E1C}.Release|Any CPU.Build.0 = Release|Any CPU
	EndGlobalSection
	GlobalSection(SolutionProperties) = preSolution
		HideSolutionNode = FALSE
	EndGlobalSection
	GlobalSection(ExtensibilityGlobals) = postSolution
		SolutionGuid = {69FEF1E3-492A-4A2F-AC3B-B089C41BAC22}
	EndGlobalSection
EndGlobal
